
Microsoft Visual Studio Solution File, Format Version 12.00
# Visual Studio 15
VisualStudioVersion = 15.0.28307.1082
MinimumVisualStudioVersion = 10.0.40219.1
Project("{FAE04EC0-301F-11D3-BF4B-00C04F79EFBC}") = "Coesao", "Solid_CSharp\Coesao.csproj", "{4E062DDD-828A-406C-854C-855A6A30DCE0}"
EndProject
Project("{FAE04EC0-301F-11D3-BF4B-00C04F79EFBC}") = "Acoplamento", "Acoplamento\Acoplamento.csproj", "{5FD6A049-274C-446A-8627-4EB35E8B2B2F}"
EndProject
Project("{FAE04EC0-301F-11D3-BF4B-00C04F79EFBC}") = "OCP_DIP", "OCP_DIP\OCP_DIP.csproj", "{DA58A099-03E1-490F-9D88-C4B003578161}"
EndProject
Project("{FAE04EC0-301F-11D3-BF4B-00C04F79EFBC}") = "Encapsulamento", "Encapsulamento\Encapsulamento.csproj", "{57A9DA28-B24A-4EC4-892B-6592527B3F0D}"
EndProject
Project("{FAE04EC0-301F-11D3-BF4B-00C04F79EFBC}") = "Heranca_LSP", "Heranca_LSP\Heranca_LSP.csproj", "{C41EB5CF-16EA-4F36-AF1F-76564B9EA448}"
EndProject
Global
	GlobalSection(SolutionConfigurationPlatforms) = preSolution
		Debug|Any CPU = Debug|Any CPU
		Release|Any CPU = Release|Any CPU
	EndGlobalSection
	GlobalSection(ProjectConfigurationPlatforms) = postSolution
		{4E062DDD-828A-406C-854C-855A6A30DCE0}.Debug|Any CPU.ActiveCfg = Debug|Any CPU
		{4E062DDD-828A-406C-854C-855A6A30DCE0}.Debug|Any CPU.Build.0 = Debug|Any CPU
		{4E062DDD-828A-406C-854C-855A6A30DCE0}.Release|Any CPU.ActiveCfg = Release|Any CPU
		{4E062DDD-828A-406C-854C-855A6A30DCE0}.Release|Any CPU.Build.0 = Release|Any CPU
		{5FD6A049-274C-446A-8627-4EB35E8B2B2F}.Debug|Any CPU.ActiveCfg = Debug|Any CPU
		{5FD6A049-274C-446A-8627-4EB35E8B2B2F}.Debug|Any CPU.Build.0 = Debug|Any CPU
		{5FD6A049-274C-446A-8627-4EB35E8B2B2F}.Release|Any CPU.ActiveCfg = Release|Any CPU
		{5FD6A049-274C-446A-8627-4EB35E8B2B2F}.Release|Any CPU.Build.0 = Release|Any CPU
		{DA58A099-03E1-490F-9D88-C4B003578161}.Debug|Any CPU.ActiveCfg = Debug|Any CPU
		{DA58A099-03E1-490F-9D88-C4B003578161}.Debug|Any CPU.Build.0 = Debug|Any CPU
		{DA58A099-03E1-490F-9D88-C4B003578161}.Release|Any CPU.ActiveCfg = Release|Any CPU
		{DA58A099-03E1-490F-9D88-C4B003578161}.Release|Any CPU.Build.0 = Release|Any CPU
		{57A9DA28-B24A-4EC4-892B-6592527B3F0D}.Debug|Any CPU.ActiveCfg = Debug|Any CPU
		{57A9DA28-B24A-4EC4-892B-6592527B3F0D}.Debug|Any CPU.Build.0 = Debug|Any CPU
		{57A9DA28-B24A-4EC4-892B-6592527B3F0D}.Release|Any CPU.ActiveCfg = Release|Any CPU
		{57A9DA28-B24A-4EC4-892B-6592527B3F0D}.Release|Any CPU.Build.0 = Release|Any CPU
		{C41EB5CF-16EA-4F36-AF1F-76564B9EA448}.Debug|Any CPU.ActiveCfg = Debug|Any CPU
		{C41EB5CF-16EA-4F36-AF1F-76564B9EA448}.Debug|Any CPU.Build.0 = Debug|Any CPU
		{C41EB5CF-16EA-4F36-AF1F-76564B9EA448}.Release|Any CPU.ActiveCfg = Release|Any CPU
		{C41EB5CF-16EA-4F36-AF1F-76564B9EA448}.Release|Any CPU.Build.0 = Release|Any CPU
	EndGlobalSection
	GlobalSection(SolutionProperties) = preSolution
		HideSolutionNode = FALSE
	EndGlobalSection
	GlobalSection(ExtensibilityGlobals) = postSolution
		SolutionGuid = {E491880B-AA09-48D8-801D-E6EC470A2E83}
	EndGlobalSection
EndGlobal
